
Microsoft Visual Studio Solution File, Format Version 12.00
# Visual Studio Version 17
VisualStudioVersion = 17.11.35017.193
MinimumVisualStudioVersion = 10.0.40219.1
Project("{9A19103F-16F7-4668-BE54-9A1E7A4F7556}") = "AtlantisPetMarket", "AtlantisPetMarket\AtlantisPetMarket.csproj", "{74574BD2-1E44-4A7A-838D-8E4ABF5651BF}"
EndProject
Project("{9A19103F-16F7-4668-BE54-9A1E7A4F7556}") = "EntityLayer", "EntityLayer\EntityLayer.csproj", "{056019CF-A025-4C44-90C6-5C746A137F42}"
EndProject
Project("{FAE04EC0-301F-11D3-BF4B-00C04F79EFBC}") = "DataAccessLayer", "DataAccessLayer\DataAccessLayer.csproj", "{7EF305CD-FE9C-4797-9E9B-2FA246F133D3}"
EndProject
Project("{FAE04EC0-301F-11D3-BF4B-00C04F79EFBC}") = "BusinessLayer", "BusinessLayer\BusinessLayer.csproj", "{CA5C34BD-1B7E-4BFD-A7F0-04B91FA4A66B}"
EndProject
Global
	GlobalSection(SolutionConfigurationPlatforms) = preSolution
		Debug|Any CPU = Debug|Any CPU
		Release|Any CPU = Release|Any CPU
	EndGlobalSection
	GlobalSection(ProjectConfigurationPlatforms) = postSolution
		{74574BD2-1E44-4A7A-838D-8E4ABF5651BF}.Debug|Any CPU.ActiveCfg = Debug|Any CPU
		{74574BD2-1E44-4A7A-838D-8E4ABF5651BF}.Debug|Any CPU.Build.0 = Debug|Any CPU
		{74574BD2-1E44-4A7A-838D-8E4ABF5651BF}.Release|Any CPU.ActiveCfg = Release|Any CPU
		{74574BD2-1E44-4A7A-838D-8E4ABF5651BF}.Release|Any CPU.Build.0 = Release|Any CPU
		{056019CF-A025-4C44-90C6-5C746A137F42}.Debug|Any CPU.ActiveCfg = Debug|Any CPU
		{056019CF-A025-4C44-90C6-5C746A137F42}.Debug|Any CPU.Build.0 = Debug|Any CPU
		{056019CF-A025-4C44-90C6-5C746A137F42}.Release|Any CPU.ActiveCfg = Release|Any CPU
		{056019CF-A025-4C44-90C6-5C746A137F42}.Release|Any CPU.Build.0 = Release|Any CPU
		{7EF305CD-FE9C-4797-9E9B-2FA246F133D3}.Debug|Any CPU.ActiveCfg = Debug|Any CPU
		{7EF305CD-FE9C-4797-9E9B-2FA246F133D3}.Debug|Any CPU.Build.0 = Debug|Any CPU
		{7EF305CD-FE9C-4797-9E9B-2FA246F133D3}.Release|Any CPU.ActiveCfg = Release|Any CPU
		{7EF305CD-FE9C-4797-9E9B-2FA246F133D3}.Release|Any CPU.Build.0 = Release|Any CPU
		{CA5C34BD-1B7E-4BFD-A7F0-04B91FA4A66B}.Debug|Any CPU.ActiveCfg = Debug|Any CPU
		{CA5C34BD-1B7E-4BFD-A7F0-04B91FA4A66B}.Debug|Any CPU.Build.0 = Debug|Any CPU
		{CA5C34BD-1B7E-4BFD-A7F0-04B91FA4A66B}.Release|Any CPU.ActiveCfg = Release|Any CPU
		{CA5C34BD-1B7E-4BFD-A7F0-04B91FA4A66B}.Release|Any CPU.Build.0 = Release|Any CPU
	EndGlobalSection
	GlobalSection(SolutionProperties) = preSolution
		HideSolutionNode = FALSE
	EndGlobalSection
	GlobalSection(ExtensibilityGlobals) = postSolution
		SolutionGuid = {A3E0BE27-21E3-4EC0-9F28-470836A05EC4}
	EndGlobalSection
EndGlobal
